
Microsoft Visual Studio Solution File, Format Version 12.00
# Visual Studio 15
VisualStudioVersion = 15.0.26730.3
MinimumVisualStudioVersion = 10.0.40219.1
Project("{9A19103F-16F7-4668-BE54-9A1E7A4F7556}") = "InsuranceCompany.WebApi", "InsuranceCompany.WebApi\InsuranceCompany.WebApi.csproj", "{F690EB37-91E6-45D1-8059-A2E517F6A33E}"
EndProject
Project("{9A19103F-16F7-4668-BE54-9A1E7A4F7556}") = "InsuranceCompany.Sdk", "InsuranceCompany.Sdk\InsuranceCompany.Sdk.csproj", "{530BC5CE-1B71-453B-863E-43A681721C71}"
EndProject
Project("{9A19103F-16F7-4668-BE54-9A1E7A4F7556}") = "InsuranceCompany.Domain", "InsuranceCompany.Domain\InsuranceCompany.Domain.csproj", "{F8E93013-D6A9-464D-AF44-3021A067E796}"
EndProject
Project("{9A19103F-16F7-4668-BE54-9A1E7A4F7556}") = "InsuranceCompany.Domain.Tests", "InsuranceCompany.Domain.Tests\InsuranceCompany.Domain.Tests.csproj", "{8A67D559-7857-47CC-A5FB-8180CFDFBB7A}"
EndProject
Project("{9A19103F-16F7-4668-BE54-9A1E7A4F7556}") = "InsuranceCompany.DataAccess", "InsuranceCompany.DataAccess\InsuranceCompany.DataAccess.csproj", "{743DBC0E-08DC-48DB-9184-A52697B1FEC4}"
EndProject
Global
	GlobalSection(SolutionConfigurationPlatforms) = preSolution
		Debug|Any CPU = Debug|Any CPU
		Release|Any CPU = Release|Any CPU
	EndGlobalSection
	GlobalSection(ProjectConfigurationPlatforms) = postSolution
		{F690EB37-91E6-45D1-8059-A2E517F6A33E}.Debug|Any CPU.ActiveCfg = Debug|Any CPU
		{F690EB37-91E6-45D1-8059-A2E517F6A33E}.Debug|Any CPU.Build.0 = Debug|Any CPU
		{F690EB37-91E6-45D1-8059-A2E517F6A33E}.Release|Any CPU.ActiveCfg = Release|Any CPU
		{F690EB37-91E6-45D1-8059-A2E517F6A33E}.Release|Any CPU.Build.0 = Release|Any CPU
		{530BC5CE-1B71-453B-863E-43A681721C71}.Debug|Any CPU.ActiveCfg = Debug|Any CPU
		{530BC5CE-1B71-453B-863E-43A681721C71}.Debug|Any CPU.Build.0 = Debug|Any CPU
		{530BC5CE-1B71-453B-863E-43A681721C71}.Release|Any CPU.ActiveCfg = Release|Any CPU
		{530BC5CE-1B71-453B-863E-43A681721C71}.Release|Any CPU.Build.0 = Release|Any CPU
		{F8E93013-D6A9-464D-AF44-3021A067E796}.Debug|Any CPU.ActiveCfg = Debug|Any CPU
		{F8E93013-D6A9-464D-AF44-3021A067E796}.Debug|Any CPU.Build.0 = Debug|Any CPU
		{F8E93013-D6A9-464D-AF44-3021A067E796}.Release|Any CPU.ActiveCfg = Release|Any CPU
		{F8E93013-D6A9-464D-AF44-3021A067E796}.Release|Any CPU.Build.0 = Release|Any CPU
		{8A67D559-7857-47CC-A5FB-8180CFDFBB7A}.Debug|Any CPU.ActiveCfg = Debug|Any CPU
		{8A67D559-7857-47CC-A5FB-8180CFDFBB7A}.Debug|Any CPU.Build.0 = Debug|Any CPU
		{8A67D559-7857-47CC-A5FB-8180CFDFBB7A}.Release|Any CPU.ActiveCfg = Release|Any CPU
		{8A67D559-7857-47CC-A5FB-8180CFDFBB7A}.Release|Any CPU.Build.0 = Release|Any CPU
		{743DBC0E-08DC-48DB-9184-A52697B1FEC4}.Debug|Any CPU.ActiveCfg = Debug|Any CPU
		{743DBC0E-08DC-48DB-9184-A52697B1FEC4}.Debug|Any CPU.Build.0 = Debug|Any CPU
		{743DBC0E-08DC-48DB-9184-A52697B1FEC4}.Release|Any CPU.ActiveCfg = Release|Any CPU
		{743DBC0E-08DC-48DB-9184-A52697B1FEC4}.Release|Any CPU.Build.0 = Release|Any CPU
	EndGlobalSection
	GlobalSection(SolutionProperties) = preSolution
		HideSolutionNode = FALSE
	EndGlobalSection
	GlobalSection(ExtensibilityGlobals) = postSolution
		SolutionGuid = {E401E621-0A93-4BE0-BAB6-380CA56199CF}
	EndGlobalSection
EndGlobal
